{
  "name": "UtilsTest",
  "version": "0.1.2",
  "lockfileVersion": 3,
  "requires": true,
  "packages": {
    "": {
      "name": "UtilsTest",
      "version": "0.1.2",
      "dependencies": {
        "guid": "0.0.12",
        "mkdirp": "~3.0.1",
        "require": "^2.4.20"
      },
      "devDependencies": {}
    },
    "node_modules/amdefine": {
      "version": "1.0.1",
      "resolved": "https://registry.npmjs.org/amdefine/-/amdefine-1.0.1.tgz",
      "integrity": "sha512-S2Hw0TtNkMJhIabBwIojKL9YHO5T0n5eNqWJ7Lrlel/zDbftQpxpapi8tZs3X1HWa+u+QeydGmzzNU0m09+Rcg==",
      "license": "BSD-3-Clause OR MIT",
      "engines": {
        "node": ">=0.4.2"
      }
    },
    "node_modules/async": {
      "version": "0.2.10",
      "resolved": "https://registry.npmjs.org/async/-/async-0.2.10.tgz",
      "integrity": "sha512-eAkdoKxU6/LkKDBzLpT+t6Ff5EtfSF4wx1WfJiPEEV7WNLnDaRXk0oVysiEPm262roaachGexwUv94WhSgN5TQ=="
    },
    "node_modules/guid": {
      "version": "0.0.12",
      "resolved": "https://registry.npmjs.org/guid/-/guid-0.0.12.tgz",
      "integrity": "sha512-J0MCgzgJcvLarLGTeVIhXdQwqlEJ9rxmxc/X71GR4VR5V/BIQ9FFfzGL52qYKgREQI8qPevc1qFNwB/4VnBuRA==",
      "deprecated": "Please use node-uuid instead. It is much better."
    },
    "node_modules/mkdirp": {
      "version": "3.0.1",
      "resolved": "https://registry.npmjs.org/mkdirp/-/mkdirp-3.0.1.tgz",
      "integrity": "sha512-+NsyUUAZDmo6YVHzL/stxSu3t9YS1iljliy3BSDrXJ/dkn1KYdmtZODGGjLcc9XLgVVpH4KshHB8XmZgMhaBXg==",
      "license": "MIT",
      "bin": {
        "mkdirp": "dist/cjs/src/bin.js"
      },
      "engines": {
        "node": ">=10"
      },
      "funding": {
        "url": "https://github.com/sponsors/isaacs"
      }
    },
    "node_modules/optimist": {
      "version": "0.3.7",
      "resolved": "https://registry.npmjs.org/optimist/-/optimist-0.3.7.tgz",
      "integrity": "sha512-TCx0dXQzVtSCg2OgY/bO9hjM9cV4XYx09TVK+s3+FhkjT6LovsLe+pPMzpWf+6yXK/hUizs2gUoTw3jHM0VaTQ==",
      "license": "MIT/X11",
      "dependencies": {
        "wordwrap": "~0.0.2"
      }
    },
    "node_modules/require": {
      "version": "2.4.20",
      "resolved": "https://registry.npmjs.org/require/-/require-2.4.20.tgz",
      "integrity": "sha512-7eop5rvh38qhQQQOoUyf68meVIcxT2yFySNywTbxoEECgkX4KDqqDRaEszfvFnuB3fuZVjDdJZ1TI/Esr16RRA==",
      "dependencies": {
        "std": "0.1.40",
        "uglify-js": "2.3.0"
      },
      "bin": {
        "require": "bin/require-command.js"
      },
      "engines": {
        "browsers": "*",
        "node": "*"
      }
    },
    "node_modules/source-map": {
      "version": "0.1.43",
      "resolved": "https://registry.npmjs.org/source-map/-/source-map-0.1.43.tgz",
      "integrity": "sha512-VtCvB9SIQhk3aF6h+N85EaqIaBFIAfZ9Cu+NJHHVvc8BbEcnvDcFw6sqQ2dQrT6SlOrZq3tIvyD9+EGq/lJryQ==",
      "dependencies": {
        "amdefine": ">=0.0.4"
      },
      "engines": {
        "node": ">=0.8.0"
      }
    },
    "node_modules/std": {
      "version": "0.1.40",
      "resolved": "https://registry.npmjs.org/std/-/std-0.1.40.tgz",
      "integrity": "sha512-wUf57hkDGCoVShrhPA8Q7lAg2Qosk+FaMlECmAsr1A4/rL2NRXFHQGBcgMUFKVkPEemJFW9gzjCQisRty14ohg==",
      "engines": {
        "node": "*"
      }
    },
    "node_modules/uglify-js": {
      "version": "2.3.0",
      "resolved": "https://registry.npmjs.org/uglify-js/-/uglify-js-2.3.0.tgz",
      "integrity": "sha512-AQvbxRKdaQeYADywQaao0k8Tj+7NGEVTne6xwgX1yQpv/G8b0CKdIw70HkCptwfvNGDsVe+0Bng3U9hfWbxxfg==",
      "dependencies": {
        "async": "~0.2.6",
        "optimist": "~0.3.5",
        "source-map": "~0.1.7"
      },
      "bin": {
        "uglifyjs": "bin/uglifyjs"
      },
      "engines": {
        "node": ">=0.4.0"
      }
    },
    "node_modules/wordwrap": {
      "version": "0.0.3",
      "resolved": "https://registry.npmjs.org/wordwrap/-/wordwrap-0.0.3.tgz",
      "integrity": "sha512-1tMA907+V4QmxV7dbRvb4/8MaRALK6q9Abid3ndMYnbyo8piisCmeONVqVSXqQA3KaP4SLt5b7ud6E2sqP8TFw==",
      "license": "MIT",
      "engines": {
        "node": ">=0.4.0"
      }
    }
  }
}
