{
  "name": "phaser-starter",
  "version": "1.0.1",
  "lockfileVersion": 3,
  "requires": true,
  "packages": {
    "": {
      "name": "phaser-starter",
      "version": "1.0.1",
      "license": "MIT",
      "dependencies": {
        "phaser": "^3.80.1",
        "phaser3-project-template": "^1.0.9"
      }
    },
    "node_modules/eventemitter3": {
      "version": "5.0.1",
      "resolved": "https://registry.npmjs.org/eventemitter3/-/eventemitter3-5.0.1.tgz",
      "integrity": "sha512-GWkBvjiSZK87ELrYOSESUYeVIc9mvLLf/nXalMOS5dYrgZq9o5OVkbZAVM06CVxYsCwH9BDZFPlQTlPA1j4ahA==",
      "license": "MIT"
    },
    "node_modules/phaser": {
      "version": "3.80.1",
      "resolved": "https://registry.npmjs.org/phaser/-/phaser-3.80.1.tgz",
      "integrity": "sha512-VQGAWoDOkEpAWYkI+PUADv5Ql+SM0xpLuAMBJHz9tBcOLqjJ2wd8bUhxJgOqclQlLTg97NmMd9MhS75w16x1Cw==",
      "license": "MIT",
      "dependencies": {
        "eventemitter3": "^5.0.1"
      }
    },
    "node_modules/phaser3-project-template": {
      "version": "1.0.9",
      "resolved": "https://registry.npmjs.org/phaser3-project-template/-/phaser3-project-template-1.0.9.tgz",
      "integrity": "sha512-HUfQHE7Eg2kymO58ojGyIZGWlL7FY145Hdp1j0NAVkYrMJhZ2A3Ha40oe74OIwXx09pLYMRZJA/AepgmlPJcdA==",
      "license": "MIT",
      "dependencies": {
        "phaser": "^3.3.0"
      }
    }
  }
}
