{
  "name": "phaser",
  "version": "1.0.0",
  "lockfileVersion": 1,
  "requires": true,
  "dependencies": {
    "phaser3-project-template": {
      "version": "1.0.1",
      "resolved": "https://registry.npmjs.org/phaser3-project-template/-/phaser3-project-template-1.0.1.tgz",
      "integrity": "sha1-TJXO+IJjZJPTxnRGEYMB7jSkKsI="
    }
  }
}
