{
  "name": "sqlite02",
  "version": "1.0.1",
  "lockfileVersion": 3,
  "requires": true,
  "packages": {
    "": {
      "name": "sqlite02",
      "version": "1.0.1",
      "license": "MIT",
      "dependencies": {
        "sqlite": "^4.1.2"
      }
    },
    "node_modules/sqlite": {
      "version": "4.1.2",
      "resolved": "https://registry.npmjs.org/sqlite/-/sqlite-4.1.2.tgz",
      "integrity": "sha512-FlBG51gHbux5vPjwnoqFEghNGvnTMTbHyiI09U3qFTQs9AtWuwd4i++6+WCusCXKrVdIDLzfdGekrolr3m4U4A=="
    }
  }
}
