{
  "name": "Mocha01",
  "version": "1.0.0",
  "lockfileVersion": 3,
  "requires": true,
  "packages": {
    "": {
      "name": "Mocha01",
      "version": "1.0.0",
      "license": "MIT",
      "dependencies": {
        "mkdirp": "^3.0.0"
      }
    },
    "node_modules/mkdirp": {
      "version": "3.0.0",
      "resolved": "https://registry.npmjs.org/mkdirp/-/mkdirp-3.0.0.tgz",
      "integrity": "sha512-7+JDnNsyCvZXoUJdkMR0oUE2AmAdsNXGTmRbiOjYIwQ6q+bL6NwrozGQdPcmYaNcrhH37F50HHBUzoaBV6FITQ==",
      "bin": {
        "mkdirp": "dist/cjs/src/bin.js"
      },
      "engines": {
        "node": ">=10"
      },
      "funding": {
        "url": "https://github.com/sponsors/isaacs"
      }
    }
  }
}
